// !$*UTF8*$!
{
	archiveVersion = 1;
	classes = {
	};
	objectVersion = 48;
	objects = {

/* Begin PBXBuildFile section */
		2473DEC220398CD500F36D54 /* AppDelegate.swift in Sources */ = {isa = PBXBuildFile; fileRef = 2473DEC120398CD500F36D54 /* AppDelegate.swift */; };
		2473DEC420398CD500F36D54 /* ViewController.swift in Sources */ = {isa = PBXBuildFile; fileRef = 2473DEC320398CD500F36D54 /* ViewController.swift */; };
		2473DEC720398CD500F36D54 /* Main.storyboard in Resources */ = {isa = PBXBuildFile; fileRef = 2473DEC520398CD500F36D54 /* Main.storyboard */; };
		2473DEC920398CD500F36D54 /* Assets.xcassets in Resources */ = {isa = PBXBuildFile; fileRef = 2473DEC820398CD500F36D54 /* Assets.xcassets */; };
		2473DECC20398CD500F36D54 /* LaunchScreen.storyboard in Resources */ = {isa = PBXBuildFile; fileRef = 2473DECA20398CD500F36D54 /* LaunchScreen.storyboard */; };
		2473DED420398D0100F36D54 /* TeddyBearInventory.plist in Resources */ = {isa = PBXBuildFile; fileRef = 2473DED320398D0100F36D54 /* TeddyBearInventory.plist */; };
		2473DED6203D122D00F36D54 /* TeddyBearDispenser.swift in Sources */ = {isa = PBXBuildFile; fileRef = 2473DED5203D122D00F36D54 /* TeddyBearDispenser.swift */; };
		2473DED8203F2A3C00F36D54 /* DispensingItemCell.swift in Sources */ = {isa = PBXBuildFile; fileRef = 2473DED7203F2A3C00F36D54 /* DispensingItemCell.swift */; };
		2473DEDA203FA7E500F36D54 /* DepositController.swift in Sources */ = {isa = PBXBuildFile; fileRef = 2473DED9203FA7E500F36D54 /* DepositController.swift */; };
/* End PBXBuildFile section */

/* Begin PBXFileReference section */
		2473DEBE20398CD500F36D54 /* TeddyBearDispenser.app */ = {isa = PBXFileReference; explicitFileType = wrapper.application; includeInIndex = 0; path = TeddyBearDispenser.app; sourceTree = BUILT_PRODUCTS_DIR; };
		2473DEC120398CD500F36D54 /* AppDelegate.swift */ = {isa = PBXFileReference; lastKnownFileType = sourcecode.swift; path = AppDelegate.swift; sourceTree = "<group>"; };
		2473DEC320398CD500F36D54 /* ViewController.swift */ = {isa = PBXFileReference; lastKnownFileType = sourcecode.swift; path = ViewController.swift; sourceTree = "<group>"; };
		2473DEC620398CD500F36D54 /* Base */ = {isa = PBXFileReference; lastKnownFileType = file.storyboard; name = Base; path = Base.lproj/Main.storyboard; sourceTree = "<group>"; };
		2473DEC820398CD500F36D54 /* Assets.xcassets */ = {isa = PBXFileReference; lastKnownFileType = folder.assetcatalog; path = Assets.xcassets; sourceTree = "<group>"; };
		2473DECB20398CD500F36D54 /* Base */ = {isa = PBXFileReference; lastKnownFileType = file.storyboard; name = Base; path = Base.lproj/LaunchScreen.storyboard; sourceTree = "<group>"; };
		2473DECD20398CD500F36D54 /* Info.plist */ = {isa = PBXFileReference; lastKnownFileType = text.plist.xml; path = Info.plist; sourceTree = "<group>"; };
		2473DED320398D0100F36D54 /* TeddyBearInventory.plist */ = {isa = PBXFileReference; lastKnownFileType = text.plist.xml; path = TeddyBearInventory.plist; sourceTree = "<group>"; };
		2473DED5203D122D00F36D54 /* TeddyBearDispenser.swift */ = {isa = PBXFileReference; lastKnownFileType = sourcecode.swift; path = TeddyBearDispenser.swift; sourceTree = "<group>"; };
		2473DED7203F2A3C00F36D54 /* DispensingItemCell.swift */ = {isa = PBXFileReference; lastKnownFileType = sourcecode.swift; path = DispensingItemCell.swift; sourceTree = "<group>"; };
		2473DED9203FA7E500F36D54 /* DepositController.swift */ = {isa = PBXFileReference; lastKnownFileType = sourcecode.swift; path = DepositController.swift; sourceTree = "<group>"; };
/* End PBXFileReference section */

/* Begin PBXFrameworksBuildPhase section */
		2473DEBB20398CD500F36D54 /* Frameworks */ = {
			isa = PBXFrameworksBuildPhase;
			buildActionMask = 2147483647;
			files = (
			);
			runOnlyForDeploymentPostprocessing = 0;
		};
/* End PBXFrameworksBuildPhase section */

/* Begin PBXGroup section */
		2473DEB520398CD500F36D54 = {
			isa = PBXGroup;
			children = (
				2473DEC020398CD500F36D54 /* TeddyBearDispenser */,
				2473DEBF20398CD500F36D54 /* Products */,
			);
			sourceTree = "<group>";
		};
		2473DEBF20398CD500F36D54 /* Products */ = {
			isa = PBXGroup;
			children = (
				2473DEBE20398CD500F36D54 /* TeddyBearDispenser.app */,
			);
			name = Products;
			sourceTree = "<group>";
		};
		2473DEC020398CD500F36D54 /* TeddyBearDispenser */ = {
			isa = PBXGroup;
			children = (
				2473DEC120398CD500F36D54 /* AppDelegate.swift */,
				2473DEC320398CD500F36D54 /* ViewController.swift */,
				2473DED7203F2A3C00F36D54 /* DispensingItemCell.swift */,
				2473DED5203D122D00F36D54 /* TeddyBearDispenser.swift */,
				2473DEC520398CD500F36D54 /* Main.storyboard */,
				2473DED9203FA7E500F36D54 /* DepositController.swift */,
				2473DEC820398CD500F36D54 /* Assets.xcassets */,
				2473DECA20398CD500F36D54 /* LaunchScreen.storyboard */,
				2473DECD20398CD500F36D54 /* Info.plist */,
				2473DED320398D0100F36D54 /* TeddyBearInventory.plist */,
			);
			path = TeddyBearDispenser;
			sourceTree = "<group>";
		};
/* End PBXGroup section */

/* Begin PBXNativeTarget section */
		2473DEBD20398CD500F36D54 /* TeddyBearDispenser */ = {
			isa = PBXNativeTarget;
			buildConfigurationList = 2473DED020398CD500F36D54 /* Build configuration list for PBXNativeTarget "TeddyBearDispenser" */;
			buildPhases = (
				2473DEBA20398CD500F36D54 /* Sources */,
				2473DEBB20398CD500F36D54 /* Frameworks */,
				2473DEBC20398CD500F36D54 /* Resources */,
			);
			buildRules = (
			);
			dependencies = (
			);
			name = TeddyBearDispenser;
			productName = TeddyBearDispenser;
			productReference = 2473DEBE20398CD500F36D54 /* TeddyBearDispenser.app */;
			productType = "com.apple.product-type.application";
		};
/* End PBXNativeTarget section */

/* Begin PBXProject section */
		2473DEB620398CD500F36D54 /* Project object */ = {
			isa = PBXProject;
			attributes = {
				LastSwiftUpdateCheck = 0920;
				LastUpgradeCheck = 0920;
				ORGANIZATIONNAME = "Team Cowdog";
				TargetAttributes = {
					2473DEBD20398CD500F36D54 = {
						CreatedOnToolsVersion = 9.2;
						ProvisioningStyle = Automatic;
					};
				};
			};
			buildConfigurationList = 2473DEB920398CD500F36D54 /* Build configuration list for PBXProject "TeddyBearDispenser" */;
			compatibilityVersion = "Xcode 8.0";
			developmentRegion = en;
			hasScannedForEncodings = 0;
			knownRegions = (
				en,
				Base,
			);
			mainGroup = 2473DEB520398CD500F36D54;
			productRefGroup = 2473DEBF20398CD500F36D54 /* Products */;
			projectDirPath = "";
			projectRoot = "";
			targets = (
				2473DEBD20398CD500F36D54 /* TeddyBearDispenser */,
			);
		};
/* End PBXProject section */

/* Begin PBXResourcesBuildPhase section */
		2473DEBC20398CD500F36D54 /* Resources */ = {
			isa = PBXResourcesBuildPhase;
			buildActionMask = 2147483647;
			files = (
				2473DED420398D0100F36D54 /* TeddyBearInventory.plist in Resources */,
				2473DECC20398CD500F36D54 /* LaunchScreen.storyboard in Resources */,
				2473DEC920398CD500F36D54 /* Assets.xcassets in Resources */,
				2473DEC720398CD500F36D54 /* Main.storyboard in Resources */,
			);
			runOnlyForDeploymentPostprocessing = 0;
		};
/* End PBXResourcesBuildPhase section */

/* Begin PBXSourcesBuildPhase section */
		2473DEBA20398CD500F36D54 /* Sources */ = {
			isa = PBXSourcesBuildPhase;
			buildActionMask = 2147483647;
			files = (
				2473DEC420398CD500F36D54 /* ViewController.swift in Sources */,
				2473DEC220398CD500F36D54 /* AppDelegate.swift in Sources */,
				2473DEDA203FA7E500F36D54 /* DepositController.swift in Sources */,
				2473DED8203F2A3C00F36D54 /* DispensingItemCell.swift in Sources */,
				2473DED6203D122D00F36D54 /* TeddyBearDispenser.swift in Sources */,
			);
			runOnlyForDeploymentPostprocessing = 0;
		};
/* End PBXSourcesBuildPhase section */

/* Begin PBXVariantGroup section */
		2473DEC520398CD500F36D54 /* Main.storyboard */ = {
			isa = PBXVariantGroup;
			children = (
				2473DEC620398CD500F36D54 /* Base */,
			);
			name = Main.storyboard;
			sourceTree = "<group>";
		};
		2473DECA20398CD500F36D54 /* LaunchScreen.storyboard */ = {
			isa = PBXVariantGroup;
			children = (
				2473DECB20398CD500F36D54 /* Base */,
			);
			name = LaunchScreen.storyboard;
			sourceTree = "<group>";
		};
/* End PBXVariantGroup section */

/* Begin XCBuildConfiguration section */
		2473DECE20398CD500F36D54 /* Debug */ = {
			isa = XCBuildConfiguration;
			buildSettings = {
				ALWAYS_SEARCH_USER_PATHS = NO;
				CLANG_ANALYZER_NONNULL = YES;
				CLANG_ANALYZER_NUMBER_OBJECT_CONVERSION = YES_AGGRESSIVE;
				CLANG_CXX_LANGUAGE_STANDARD = "gnu++14";
				CLANG_CXX_LIBRARY = "libc++";
				CLANG_ENABLE_MODULES = YES;
				CLANG_ENABLE_OBJC_ARC = YES;
				CLANG_WARN_BLOCK_CAPTURE_AUTORELEASING = YES;
				CLANG_WARN_BOOL_CONVERSION = YES;
				CLANG_WARN_COMMA = YES;
				CLANG_WARN_CONSTANT_CONVERSION = YES;
				CLANG_WARN_DIRECT_OBJC_ISA_USAGE = YES_ERROR;
				CLANG_WARN_DOCUMENTATION_COMMENTS = YES;
				CLANG_WARN_EMPTY_BODY = YES;
				CLANG_WARN_ENUM_CONVERSION = YES;
				CLANG_WARN_INFINITE_RECURSION = YES;
				CLANG_WARN_INT_CONVERSION = YES;
				CLANG_WARN_NON_LITERAL_NULL_CONVERSION = YES;
				CLANG_WARN_OBJC_LITERAL_CONVERSION = YES;
				CLANG_WARN_OBJC_ROOT_CLASS = YES_ERROR;
				CLANG_WARN_RANGE_LOOP_ANALYSIS = YES;
				CLANG_WARN_STRICT_PROTOTYPES = YES;
				CLANG_WARN_SUSPICIOUS_MOVE = YES;
				CLANG_WARN_UNGUARDED_AVAILABILITY = YES_AGGRESSIVE;
				CLANG_WARN_UNREACHABLE_CODE = YES;
				CLANG_WARN__DUPLICATE_METHOD_MATCH = YES;
				CODE_SIGN_IDENTITY = "iPhone Developer";
				COPY_PHASE_STRIP = NO;
				DEBUG_INFORMATION_FORMAT = dwarf;
				ENABLE_STRICT_OBJC_MSGSEND = YES;
				ENABLE_TESTABILITY = YES;
				GCC_C_LANGUAGE_STANDARD = gnu11;
				GCC_DYNAMIC_NO_PIC = NO;
				GCC_NO_COMMON_BLOCKS = YES;
				GCC_OPTIMIZATION_LEVEL = 0;
				GCC_PREPROCESSOR_DEFINITIONS = (
					"DEBUG=1",
					"$(inherited)",
				);
				GCC_WARN_64_TO_32_BIT_CONVERSION = YES;
				GCC_WARN_ABOUT_RETURN_TYPE = YES_ERROR;
				GCC_WARN_UNDECLARED_SELECTOR = YES;
				GCC_WARN_UNINITIALIZED_AUTOS = YES_AGGRESSIVE;
				GCC_WARN_UNUSED_FUNCTION = YES;
				GCC_WARN_UNUSED_VARIABLE = YES;
				IPHONEOS_DEPLOYMENT_TARGET = 11.2;
				MTL_ENABLE_DEBUG_INFO = YES;
				ONLY_ACTIVE_ARCH = YES;
				SDKROOT = iphoneos;
				SWIFT_ACTIVE_COMPILATION_CONDITIONS = DEBUG;
				SWIFT_OPTIMIZATION_LEVEL = "-Onone";
			};
			name = Debug;
		};
		2473DECF20398CD500F36D54 /* Release */ = {
			isa = XCBuildConfiguration;
			buildSettings = {
				ALWAYS_SEARCH_USER_PATHS = NO;
				CLANG_ANALYZER_NONNULL = YES;
				CLANG_ANALYZER_NUMBER_OBJECT_CONVERSION = YES_AGGRESSIVE;
				CLANG_CXX_LANGUAGE_STANDARD = "gnu++14";
				CLANG_CXX_LIBRARY = "libc++";
				CLANG_ENABLE_MODULES = YES;
				CLANG_ENABLE_OBJC_ARC = YES;
				CLANG_WARN_BLOCK_CAPTURE_AUTORELEASING = YES;
				CLANG_WARN_BOOL_CONVERSION = YES;
				CLANG_WARN_COMMA = YES;
				CLANG_WARN_CONSTANT_CONVERSION = YES;
				CLANG_WARN_DIRECT_OBJC_ISA_USAGE = YES_ERROR;
				CLANG_WARN_DOCUMENTATION_COMMENTS = YES;
				CLANG_WARN_EMPTY_BODY = YES;
				CLANG_WARN_ENUM_CONVERSION = YES;
				CLANG_WARN_INFINITE_RECURSION = YES;
				CLANG_WARN_INT_CONVERSION = YES;
				CLANG_WARN_NON_LITERAL_NULL_CONVERSION = YES;
				CLANG_WARN_OBJC_LITERAL_CONVERSION = YES;
				CLANG_WARN_OBJC_ROOT_CLASS = YES_ERROR;
				CLANG_WARN_RANGE_LOOP_ANALYSIS = YES;
				CLANG_WARN_STRICT_PROTOTYPES = YES;
				CLANG_WARN_SUSPICIOUS_MOVE = YES;
				CLANG_WARN_UNGUARDED_AVAILABILITY = YES_AGGRESSIVE;
				CLANG_WARN_UNREACHABLE_CODE = YES;
				CLANG_WARN__DUPLICATE_METHOD_MATCH = YES;
				CODE_SIGN_IDENTITY = "iPhone Developer";
				COPY_PHASE_STRIP = NO;
				DEBUG_INFORMATION_FORMAT = "dwarf-with-dsym";
				ENABLE_NS_ASSERTIONS = NO;
				ENABLE_STRICT_OBJC_MSGSEND = YES;
				GCC_C_LANGUAGE_STANDARD = gnu11;
				GCC_NO_COMMON_BLOCKS = YES;
				GCC_WARN_64_TO_32_BIT_CONVERSION = YES;
				GCC_WARN_ABOUT_RETURN_TYPE = YES_ERROR;
				GCC_WARN_UNDECLARED_SELECTOR = YES;
				GCC_WARN_UNINITIALIZED_AUTOS = YES_AGGRESSIVE;
				GCC_WARN_UNUSED_FUNCTION = YES;
				GCC_WARN_UNUSED_VARIABLE = YES;
				IPHONEOS_DEPLOYMENT_TARGET = 11.2;
				MTL_ENABLE_DEBUG_INFO = NO;
				SDKROOT = iphoneos;
				SWIFT_OPTIMIZATION_LEVEL = "-Owholemodule";
				VALIDATE_PRODUCT = YES;
			};
			name = Release;
		};
		2473DED120398CD500F36D54 /* Debug */ = {
			isa = XCBuildConfiguration;
			buildSettings = {
				ASSETCATALOG_COMPILER_APPICON_NAME = AppIcon;
				CODE_SIGN_STYLE = Automatic;
				INFOPLIST_FILE = TeddyBearDispenser/Info.plist;
				LD_RUNPATH_SEARCH_PATHS = "$(inherited) @executable_path/Frameworks";
				PRODUCT_BUNDLE_IDENTIFIER = com.ubakat.TeddyBearDispenser;
				PRODUCT_NAME = "$(TARGET_NAME)";
				SWIFT_VERSION = 4.0;
				TARGETED_DEVICE_FAMILY = "1,2";
			};
			name = Debug;
		};
		2473DED220398CD500F36D54 /* Release */ = {
			isa = XCBuildConfiguration;
			buildSettings = {
				ASSETCATALOG_COMPILER_APPICON_NAME = AppIcon;
				CODE_SIGN_STYLE = Automatic;
				INFOPLIST_FILE = TeddyBearDispenser/Info.plist;
				LD_RUNPATH_SEARCH_PATHS = "$(inherited) @executable_path/Frameworks";
				PRODUCT_BUNDLE_IDENTIFIER = com.ubakat.TeddyBearDispenser;
				PRODUCT_NAME = "$(TARGET_NAME)";
				SWIFT_VERSION = 4.0;
				TARGETED_DEVICE_FAMILY = "1,2";
			};
			name = Release;
		};
/* End XCBuildConfiguration section */

/* Begin XCConfigurationList section */
		2473DEB920398CD500F36D54 /* Build configuration list for PBXProject "TeddyBearDispenser" */ = {
			isa = XCConfigurationList;
			buildConfigurations = (
				2473DECE20398CD500F36D54 /* Debug */,
				2473DECF20398CD500F36D54 /* Release */,
			);
			defaultConfigurationIsVisible = 0;
			defaultConfigurationName = Release;
		};
		2473DED020398CD500F36D54 /* Build configuration list for PBXNativeTarget "TeddyBearDispenser" */ = {
			isa = XCConfigurationList;
			buildConfigurations = (
				2473DED120398CD500F36D54 /* Debug */,
				2473DED220398CD500F36D54 /* Release */,
			);
			defaultConfigurationIsVisible = 0;
			defaultConfigurationName = Release;
		};
/* End XCConfigurationList section */
	};
	rootObject = 2473DEB620398CD500F36D54 /* Project object */;
}
